
Microsoft Visual Studio Solution File, Format Version 12.00
# Visual Studio 15
VisualStudioVersion = 15.0.28010.2050
MinimumVisualStudioVersion = 10.0.40219.1
Project("{FAE04EC0-301F-11D3-BF4B-00C04F79EFBC}") = "MHW-Shop-Editor", "MHW-Shop-Editor\MHW-Shop-Editor.csproj", "{465ACACD-895E-44A9-8741-4233497E0606}"
EndProject
Global
	GlobalSection(SolutionConfigurationPlatforms) = preSolution
		Debug|Any CPU = Debug|Any CPU
		Release|Any CPU = Release|Any CPU
	EndGlobalSection
	GlobalSection(ProjectConfigurationPlatforms) = postSolution
		{465ACACD-895E-44A9-8741-4233497E0606}.Debug|Any CPU.ActiveCfg = Debug|Any CPU
		{465ACACD-895E-44A9-8741-4233497E0606}.Debug|Any CPU.Build.0 = Debug|Any CPU
		{465ACACD-895E-44A9-8741-4233497E0606}.Release|Any CPU.ActiveCfg = Release|Any CPU
		{465ACACD-895E-44A9-8741-4233497E0606}.Release|Any CPU.Build.0 = Release|Any CPU
	EndGlobalSection
	GlobalSection(SolutionProperties) = preSolution
		HideSolutionNode = FALSE
	EndGlobalSection
	GlobalSection(ExtensibilityGlobals) = postSolution
		SolutionGuid = {E5A8DC94-030D-49C3-900D-04720532F860}
	EndGlobalSection
EndGlobal
